// !$*UTF8*$!
{
	archiveVersion = 1;
	classes = {
	};
	objectVersion = 48;
	objects = {

/* Begin PBXBuildFile section */
		3F170E592057154C00B4CBA1 /* AppDelegate.swift in Sources */ = {isa = PBXBuildFile; fileRef = 3F170E582057154C00B4CBA1 /* AppDelegate.swift */; };
		3F170E5B2057154C00B4CBA1 /* ViewController.swift in Sources */ = {isa = PBXBuildFile; fileRef = 3F170E5A2057154C00B4CBA1 /* ViewController.swift */; };
		3F170E5E2057154C00B4CBA1 /* Main.storyboard in Resources */ = {isa = PBXBuildFile; fileRef = 3F170E5C2057154C00B4CBA1 /* Main.storyboard */; };
		3F170E602057154C00B4CBA1 /* Assets.xcassets in Resources */ = {isa = PBXBuildFile; fileRef = 3F170E5F2057154C00B4CBA1 /* Assets.xcassets */; };
		3F170E632057154C00B4CBA1 /* LaunchScreen.storyboard in Resources */ = {isa = PBXBuildFile; fileRef = 3F170E612057154C00B4CBA1 /* LaunchScreen.storyboard */; };
		3F170E702057164B00B4CBA1 /* Board.swift in Sources */ = {isa = PBXBuildFile; fileRef = 3F170E6F2057164B00B4CBA1 /* Board.swift */; };
		3F170E742057166200B4CBA1 /* Force.swift in Sources */ = {isa = PBXBuildFile; fileRef = 3F170E732057166200B4CBA1 /* Force.swift */; };
		3F170E762057167300B4CBA1 /* Territory.swift in Sources */ = {isa = PBXBuildFile; fileRef = 3F170E752057167300B4CBA1 /* Territory.swift */; };
		3F170E7A205716A600B4CBA1 /* Bowmen.swift in Sources */ = {isa = PBXBuildFile; fileRef = 3F170E79205716A600B4CBA1 /* Bowmen.swift */; };
		3F170E82205716C700B4CBA1 /* Spearmen.swift in Sources */ = {isa = PBXBuildFile; fileRef = 3F170E81205716C700B4CBA1 /* Spearmen.swift */; };
		3F25AA4E205E2502001F3318 /* classicboard.json in Resources */ = {isa = PBXBuildFile; fileRef = 3F25AA4D205E2502001F3318 /* classicboard.json */; };
		3F303D9D209A9DAB00691CFA /* GameScreenViewController.swift in Sources */ = {isa = PBXBuildFile; fileRef = 3F303D9C209A9DAB00691CFA /* GameScreenViewController.swift */; };
		3F303D9F209E4E4E00691CFA /* BattleScreenViewController.swift in Sources */ = {isa = PBXBuildFile; fileRef = 3F303D9E209E4E4E00691CFA /* BattleScreenViewController.swift */; };
		3F303DA1209E669100691CFA /* UnitSelectorViewController.swift in Sources */ = {isa = PBXBuildFile; fileRef = 3F303DA0209E669100691CFA /* UnitSelectorViewController.swift */; };
		3F303DA320A0E56500691CFA /* CellController.swift in Sources */ = {isa = PBXBuildFile; fileRef = 3F303DA220A0E56500691CFA /* CellController.swift */; };
		3F70E9102072AA39003EB88E /* Player.swift in Sources */ = {isa = PBXBuildFile; fileRef = 3F70E90F2072AA39003EB88E /* Player.swift */; };
/* End PBXBuildFile section */

/* Begin PBXFileReference section */
		3F170E552057154C00B4CBA1 /* Shogun.app */ = {isa = PBXFileReference; explicitFileType = wrapper.application; includeInIndex = 0; path = Shogun.app; sourceTree = BUILT_PRODUCTS_DIR; };
		3F170E582057154C00B4CBA1 /* AppDelegate.swift */ = {isa = PBXFileReference; lastKnownFileType = sourcecode.swift; path = AppDelegate.swift; sourceTree = "<group>"; };
		3F170E5A2057154C00B4CBA1 /* ViewController.swift */ = {isa = PBXFileReference; lastKnownFileType = sourcecode.swift; path = ViewController.swift; sourceTree = "<group>"; };
		3F170E5D2057154C00B4CBA1 /* Base */ = {isa = PBXFileReference; lastKnownFileType = file.storyboard; name = Base; path = Base.lproj/Main.storyboard; sourceTree = "<group>"; };
		3F170E5F2057154C00B4CBA1 /* Assets.xcassets */ = {isa = PBXFileReference; lastKnownFileType = folder.assetcatalog; path = Assets.xcassets; sourceTree = "<group>"; };
		3F170E622057154C00B4CBA1 /* Base */ = {isa = PBXFileReference; lastKnownFileType = file.storyboard; name = Base; path = Base.lproj/LaunchScreen.storyboard; sourceTree = "<group>"; };
		3F170E642057154C00B4CBA1 /* Info.plist */ = {isa = PBXFileReference; lastKnownFileType = text.plist.xml; path = Info.plist; sourceTree = "<group>"; };
		3F170E6F2057164B00B4CBA1 /* Board.swift */ = {isa = PBXFileReference; lastKnownFileType = sourcecode.swift; path = Board.swift; sourceTree = "<group>"; };
		3F170E732057166200B4CBA1 /* Force.swift */ = {isa = PBXFileReference; lastKnownFileType = sourcecode.swift; path = Force.swift; sourceTree = "<group>"; };
		3F170E752057167300B4CBA1 /* Territory.swift */ = {isa = PBXFileReference; lastKnownFileType = sourcecode.swift; path = Territory.swift; sourceTree = "<group>"; };
		3F170E79205716A600B4CBA1 /* Bowmen.swift */ = {isa = PBXFileReference; lastKnownFileType = sourcecode.swift; path = Bowmen.swift; sourceTree = "<group>"; };
		3F170E81205716C700B4CBA1 /* Spearmen.swift */ = {isa = PBXFileReference; lastKnownFileType = sourcecode.swift; path = Spearmen.swift; sourceTree = "<group>"; };
		3F25AA4D205E2502001F3318 /* classicboard.json */ = {isa = PBXFileReference; fileEncoding = 4; lastKnownFileType = text.json; path = classicboard.json; sourceTree = "<group>"; };
		3F303D9C209A9DAB00691CFA /* GameScreenViewController.swift */ = {isa = PBXFileReference; lastKnownFileType = sourcecode.swift; path = GameScreenViewController.swift; sourceTree = "<group>"; };
		3F303D9E209E4E4E00691CFA /* BattleScreenViewController.swift */ = {isa = PBXFileReference; lastKnownFileType = sourcecode.swift; path = BattleScreenViewController.swift; sourceTree = "<group>"; };
		3F303DA0209E669100691CFA /* UnitSelectorViewController.swift */ = {isa = PBXFileReference; lastKnownFileType = sourcecode.swift; path = UnitSelectorViewController.swift; sourceTree = "<group>"; };
		3F303DA220A0E56500691CFA /* CellController.swift */ = {isa = PBXFileReference; lastKnownFileType = sourcecode.swift; path = CellController.swift; sourceTree = "<group>"; };
		3F70E90F2072AA39003EB88E /* Player.swift */ = {isa = PBXFileReference; lastKnownFileType = sourcecode.swift; path = Player.swift; sourceTree = "<group>"; };
/* End PBXFileReference section */

/* Begin PBXFrameworksBuildPhase section */
		3F170E522057154C00B4CBA1 /* Frameworks */ = {
			isa = PBXFrameworksBuildPhase;
			buildActionMask = 2147483647;
			files = (
			);
			runOnlyForDeploymentPostprocessing = 0;
		};
/* End PBXFrameworksBuildPhase section */

/* Begin PBXGroup section */
		3F170E4C2057154C00B4CBA1 = {
			isa = PBXGroup;
			children = (
				3F170E572057154C00B4CBA1 /* Shogun */,
				3F170E562057154C00B4CBA1 /* Products */,
			);
			sourceTree = "<group>";
		};
		3F170E562057154C00B4CBA1 /* Products */ = {
			isa = PBXGroup;
			children = (
				3F170E552057154C00B4CBA1 /* Shogun.app */,
			);
			name = Products;
			sourceTree = "<group>";
		};
		3F170E572057154C00B4CBA1 /* Shogun */ = {
			isa = PBXGroup;
			children = (
				3F170E79205716A600B4CBA1 /* Bowmen.swift */,
				3F170E81205716C700B4CBA1 /* Spearmen.swift */,
				3F170E732057166200B4CBA1 /* Force.swift */,
				3F170E752057167300B4CBA1 /* Territory.swift */,
				3F170E6F2057164B00B4CBA1 /* Board.swift */,
				3F70E90F2072AA39003EB88E /* Player.swift */,
				3F303DA0209E669100691CFA /* UnitSelectorViewController.swift */,
				3F303D9E209E4E4E00691CFA /* BattleScreenViewController.swift */,
				3F303D9C209A9DAB00691CFA /* GameScreenViewController.swift */,
				3F170E5A2057154C00B4CBA1 /* ViewController.swift */,
				3F303DA220A0E56500691CFA /* CellController.swift */,
				3F25AA4D205E2502001F3318 /* classicboard.json */,
				3F170E5C2057154C00B4CBA1 /* Main.storyboard */,
				3F170E5F2057154C00B4CBA1 /* Assets.xcassets */,
				3F170E582057154C00B4CBA1 /* AppDelegate.swift */,
				3F170E612057154C00B4CBA1 /* LaunchScreen.storyboard */,
				3F170E642057154C00B4CBA1 /* Info.plist */,
			);
			path = Shogun;
			sourceTree = "<group>";
		};
/* End PBXGroup section */

/* Begin PBXNativeTarget section */
		3F170E542057154C00B4CBA1 /* Shogun */ = {
			isa = PBXNativeTarget;
			buildConfigurationList = 3F170E672057154C00B4CBA1 /* Build configuration list for PBXNativeTarget "Shogun" */;
			buildPhases = (
				3F170E512057154C00B4CBA1 /* Sources */,
				3F170E522057154C00B4CBA1 /* Frameworks */,
				3F170E532057154C00B4CBA1 /* Resources */,
			);
			buildRules = (
			);
			dependencies = (
			);
			name = Shogun;
			productName = Shogun;
			productReference = 3F170E552057154C00B4CBA1 /* Shogun.app */;
			productType = "com.apple.product-type.application";
		};
/* End PBXNativeTarget section */

/* Begin PBXProject section */
		3F170E4D2057154C00B4CBA1 /* Project object */ = {
			isa = PBXProject;
			attributes = {
				LastSwiftUpdateCheck = 0920;
				LastUpgradeCheck = 0920;
				ORGANIZATIONNAME = "Daniel Catlett";
				TargetAttributes = {
					3F170E542057154C00B4CBA1 = {
						CreatedOnToolsVersion = 9.2;
						ProvisioningStyle = Automatic;
					};
				};
			};
			buildConfigurationList = 3F170E502057154C00B4CBA1 /* Build configuration list for PBXProject "Shogun" */;
			compatibilityVersion = "Xcode 8.0";
			developmentRegion = en;
			hasScannedForEncodings = 0;
			knownRegions = (
				en,
				Base,
			);
			mainGroup = 3F170E4C2057154C00B4CBA1;
			productRefGroup = 3F170E562057154C00B4CBA1 /* Products */;
			projectDirPath = "";
			projectRoot = "";
			targets = (
				3F170E542057154C00B4CBA1 /* Shogun */,
			);
		};
/* End PBXProject section */

/* Begin PBXResourcesBuildPhase section */
		3F170E532057154C00B4CBA1 /* Resources */ = {
			isa = PBXResourcesBuildPhase;
			buildActionMask = 2147483647;
			files = (
				3F170E632057154C00B4CBA1 /* LaunchScreen.storyboard in Resources */,
				3F170E602057154C00B4CBA1 /* Assets.xcassets in Resources */,
				3F170E5E2057154C00B4CBA1 /* Main.storyboard in Resources */,
				3F25AA4E205E2502001F3318 /* classicboard.json in Resources */,
			);
			runOnlyForDeploymentPostprocessing = 0;
		};
/* End PBXResourcesBuildPhase section */

/* Begin PBXSourcesBuildPhase section */
		3F170E512057154C00B4CBA1 /* Sources */ = {
			isa = PBXSourcesBuildPhase;
			buildActionMask = 2147483647;
			files = (
				3F303D9D209A9DAB00691CFA /* GameScreenViewController.swift in Sources */,
				3F170E5B2057154C00B4CBA1 /* ViewController.swift in Sources */,
				3F170E592057154C00B4CBA1 /* AppDelegate.swift in Sources */,
				3F170E7A205716A600B4CBA1 /* Bowmen.swift in Sources */,
				3F303D9F209E4E4E00691CFA /* BattleScreenViewController.swift in Sources */,
				3F170E762057167300B4CBA1 /* Territory.swift in Sources */,
				3F170E82205716C700B4CBA1 /* Spearmen.swift in Sources */,
				3F170E702057164B00B4CBA1 /* Board.swift in Sources */,
				3F70E9102072AA39003EB88E /* Player.swift in Sources */,
				3F303DA1209E669100691CFA /* UnitSelectorViewController.swift in Sources */,
				3F303DA320A0E56500691CFA /* CellController.swift in Sources */,
				3F170E742057166200B4CBA1 /* Force.swift in Sources */,
			);
			runOnlyForDeploymentPostprocessing = 0;
		};
/* End PBXSourcesBuildPhase section */

/* Begin PBXVariantGroup section */
		3F170E5C2057154C00B4CBA1 /* Main.storyboard */ = {
			isa = PBXVariantGroup;
			children = (
				3F170E5D2057154C00B4CBA1 /* Base */,
			);
			name = Main.storyboard;
			sourceTree = "<group>";
		};
		3F170E612057154C00B4CBA1 /* LaunchScreen.storyboard */ = {
			isa = PBXVariantGroup;
			children = (
				3F170E622057154C00B4CBA1 /* Base */,
			);
			name = LaunchScreen.storyboard;
			sourceTree = "<group>";
		};
/* End PBXVariantGroup section */

/* Begin XCBuildConfiguration section */
		3F170E652057154C00B4CBA1 /* Debug */ = {
			isa = XCBuildConfiguration;
			buildSettings = {
				ALWAYS_SEARCH_USER_PATHS = NO;
				CLANG_ANALYZER_NONNULL = YES;
				CLANG_ANALYZER_NUMBER_OBJECT_CONVERSION = YES_AGGRESSIVE;
				CLANG_CXX_LANGUAGE_STANDARD = "gnu++14";
				CLANG_CXX_LIBRARY = "libc++";
				CLANG_ENABLE_MODULES = YES;
				CLANG_ENABLE_OBJC_ARC = YES;
				CLANG_WARN_BLOCK_CAPTURE_AUTORELEASING = YES;
				CLANG_WARN_BOOL_CONVERSION = YES;
				CLANG_WARN_COMMA = YES;
				CLANG_WARN_CONSTANT_CONVERSION = YES;
				CLANG_WARN_DIRECT_OBJC_ISA_USAGE = YES_ERROR;
				CLANG_WARN_DOCUMENTATION_COMMENTS = YES;
				CLANG_WARN_EMPTY_BODY = YES;
				CLANG_WARN_ENUM_CONVERSION = YES;
				CLANG_WARN_INFINITE_RECURSION = YES;
				CLANG_WARN_INT_CONVERSION = YES;
				CLANG_WARN_NON_LITERAL_NULL_CONVERSION = YES;
				CLANG_WARN_OBJC_LITERAL_CONVERSION = YES;
				CLANG_WARN_OBJC_ROOT_CLASS = YES_ERROR;
				CLANG_WARN_RANGE_LOOP_ANALYSIS = YES;
				CLANG_WARN_STRICT_PROTOTYPES = YES;
				CLANG_WARN_SUSPICIOUS_MOVE = YES;
				CLANG_WARN_UNGUARDED_AVAILABILITY = YES_AGGRESSIVE;
				CLANG_WARN_UNREACHABLE_CODE = YES;
				CLANG_WARN__DUPLICATE_METHOD_MATCH = YES;
				CODE_SIGN_IDENTITY = "iPhone Developer";
				COPY_PHASE_STRIP = NO;
				DEBUG_INFORMATION_FORMAT = dwarf;
				ENABLE_STRICT_OBJC_MSGSEND = YES;
				ENABLE_TESTABILITY = YES;
				GCC_C_LANGUAGE_STANDARD = gnu11;
				GCC_DYNAMIC_NO_PIC = NO;
				GCC_NO_COMMON_BLOCKS = YES;
				GCC_OPTIMIZATION_LEVEL = 0;
				GCC_PREPROCESSOR_DEFINITIONS = (
					"DEBUG=1",
					"$(inherited)",
				);
				GCC_WARN_64_TO_32_BIT_CONVERSION = YES;
				GCC_WARN_ABOUT_RETURN_TYPE = YES_ERROR;
				GCC_WARN_UNDECLARED_SELECTOR = YES;
				GCC_WARN_UNINITIALIZED_AUTOS = YES_AGGRESSIVE;
				GCC_WARN_UNUSED_FUNCTION = YES;
				GCC_WARN_UNUSED_VARIABLE = YES;
				IPHONEOS_DEPLOYMENT_TARGET = 11.2;
				MTL_ENABLE_DEBUG_INFO = YES;
				ONLY_ACTIVE_ARCH = YES;
				SDKROOT = iphoneos;
				SWIFT_ACTIVE_COMPILATION_CONDITIONS = DEBUG;
				SWIFT_OPTIMIZATION_LEVEL = "-Onone";
			};
			name = Debug;
		};
		3F170E662057154C00B4CBA1 /* Release */ = {
			isa = XCBuildConfiguration;
			buildSettings = {
				ALWAYS_SEARCH_USER_PATHS = NO;
				CLANG_ANALYZER_NONNULL = YES;
				CLANG_ANALYZER_NUMBER_OBJECT_CONVERSION = YES_AGGRESSIVE;
				CLANG_CXX_LANGUAGE_STANDARD = "gnu++14";
				CLANG_CXX_LIBRARY = "libc++";
				CLANG_ENABLE_MODULES = YES;
				CLANG_ENABLE_OBJC_ARC = YES;
				CLANG_WARN_BLOCK_CAPTURE_AUTORELEASING = YES;
				CLANG_WARN_BOOL_CONVERSION = YES;
				CLANG_WARN_COMMA = YES;
				CLANG_WARN_CONSTANT_CONVERSION = YES;
				CLANG_WARN_DIRECT_OBJC_ISA_USAGE = YES_ERROR;
				CLANG_WARN_DOCUMENTATION_COMMENTS = YES;
				CLANG_WARN_EMPTY_BODY = YES;
				CLANG_WARN_ENUM_CONVERSION = YES;
				CLANG_WARN_INFINITE_RECURSION = YES;
				CLANG_WARN_INT_CONVERSION = YES;
				CLANG_WARN_NON_LITERAL_NULL_CONVERSION = YES;
				CLANG_WARN_OBJC_LITERAL_CONVERSION = YES;
				CLANG_WARN_OBJC_ROOT_CLASS = YES_ERROR;
				CLANG_WARN_RANGE_LOOP_ANALYSIS = YES;
				CLANG_WARN_STRICT_PROTOTYPES = YES;
				CLANG_WARN_SUSPICIOUS_MOVE = YES;
				CLANG_WARN_UNGUARDED_AVAILABILITY = YES_AGGRESSIVE;
				CLANG_WARN_UNREACHABLE_CODE = YES;
				CLANG_WARN__DUPLICATE_METHOD_MATCH = YES;
				CODE_SIGN_IDENTITY = "iPhone Developer";
				COPY_PHASE_STRIP = NO;
				DEBUG_INFORMATION_FORMAT = "dwarf-with-dsym";
				ENABLE_NS_ASSERTIONS = NO;
				ENABLE_STRICT_OBJC_MSGSEND = YES;
				GCC_C_LANGUAGE_STANDARD = gnu11;
				GCC_NO_COMMON_BLOCKS = YES;
				GCC_WARN_64_TO_32_BIT_CONVERSION = YES;
				GCC_WARN_ABOUT_RETURN_TYPE = YES_ERROR;
				GCC_WARN_UNDECLARED_SELECTOR = YES;
				GCC_WARN_UNINITIALIZED_AUTOS = YES_AGGRESSIVE;
				GCC_WARN_UNUSED_FUNCTION = YES;
				GCC_WARN_UNUSED_VARIABLE = YES;
				IPHONEOS_DEPLOYMENT_TARGET = 11.2;
				MTL_ENABLE_DEBUG_INFO = NO;
				SDKROOT = iphoneos;
				SWIFT_OPTIMIZATION_LEVEL = "-Owholemodule";
				VALIDATE_PRODUCT = YES;
			};
			name = Release;
		};
		3F170E682057154C00B4CBA1 /* Debug */ = {
			isa = XCBuildConfiguration;
			buildSettings = {
				ASSETCATALOG_COMPILER_APPICON_NAME = AppIcon;
				CODE_SIGN_STYLE = Automatic;
				DEVELOPMENT_TEAM = DH2S534GEU;
				INFOPLIST_FILE = Shogun/Info.plist;
				LD_RUNPATH_SEARCH_PATHS = "$(inherited) @executable_path/Frameworks";
				PRODUCT_BUNDLE_IDENTIFIER = "Daniel-Catlett.Shogun";
				PRODUCT_NAME = "$(TARGET_NAME)";
				SWIFT_VERSION = 4.0;
				TARGETED_DEVICE_FAMILY = "1,2";
			};
			name = Debug;
		};
		3F170E692057154C00B4CBA1 /* Release */ = {
			isa = XCBuildConfiguration;
			buildSettings = {
				ASSETCATALOG_COMPILER_APPICON_NAME = AppIcon;
				CODE_SIGN_STYLE = Automatic;
				DEVELOPMENT_TEAM = DH2S534GEU;
				INFOPLIST_FILE = Shogun/Info.plist;
				LD_RUNPATH_SEARCH_PATHS = "$(inherited) @executable_path/Frameworks";
				PRODUCT_BUNDLE_IDENTIFIER = "Daniel-Catlett.Shogun";
				PRODUCT_NAME = "$(TARGET_NAME)";
				SWIFT_VERSION = 4.0;
				TARGETED_DEVICE_FAMILY = "1,2";
			};
			name = Release;
		};
/* End XCBuildConfiguration section */

/* Begin XCConfigurationList section */
		3F170E502057154C00B4CBA1 /* Build configuration list for PBXProject "Shogun" */ = {
			isa = XCConfigurationList;
			buildConfigurations = (
				3F170E652057154C00B4CBA1 /* Debug */,
				3F170E662057154C00B4CBA1 /* Release */,
			);
			defaultConfigurationIsVisible = 0;
			defaultConfigurationName = Release;
		};
		3F170E672057154C00B4CBA1 /* Build configuration list for PBXNativeTarget "Shogun" */ = {
			isa = XCConfigurationList;
			buildConfigurations = (
				3F170E682057154C00B4CBA1 /* Debug */,
				3F170E692057154C00B4CBA1 /* Release */,
			);
			defaultConfigurationIsVisible = 0;
			defaultConfigurationName = Release;
		};
/* End XCConfigurationList section */
	};
	rootObject = 3F170E4D2057154C00B4CBA1 /* Project object */;
}
